// !$*UTF8*$!
{
	archiveVersion = 1;
	classes = {
	};
	objectVersion = 48;
	objects = {

/* Begin PBXBuildFile section */
		305158303AC8F4D3DF4C5210 /* libPods-MMusic.a in Frameworks */ = {isa = PBXBuildFile; fileRef = B50B155B334DAF7591C6EA42 /* libPods-MMusic.a */; };
		3B23AC751FF236A800F0A9CA /* TodayCollectionViewController.m in Sources */ = {isa = PBXBuildFile; fileRef = 3B23AC741FF236A800F0A9CA /* TodayCollectionViewController.m */; };
		3B3D9981205512FA000F2E9E /* SongCell.m in Sources */ = {isa = PBXBuildFile; fileRef = 3B3D9980205512FA000F2E9E /* SongCell.m */; };
		3B3D998420553CD4000F2E9E /* PlayerViewController.m in Sources */ = {isa = PBXBuildFile; fileRef = 3B3D998320553CD4000F2E9E /* PlayerViewController.m */; };
		3B3D9989205540A0000F2E9E /* PlayerView.m in Sources */ = {isa = PBXBuildFile; fileRef = 3B3D9988205540A0000F2E9E /* PlayerView.m */; };
		3B3D99EA205E9910000F2E9E /* NSString+Hash.m in Sources */ = {isa = PBXBuildFile; fileRef = 3B3D99E9205E990F000F2E9E /* NSString+Hash.m */; };
		3B3D99F0205EADB6000F2E9E /* play.png in Resources */ = {isa = PBXBuildFile; fileRef = 3B3D99EB205EADB3000F2E9E /* play.png */; };
		3B3D99F1205EADB6000F2E9E /* skip-next.png in Resources */ = {isa = PBXBuildFile; fileRef = 3B3D99EC205EADB4000F2E9E /* skip-next.png */; };
		3B3D99F2205EADB6000F2E9E /* skip-previous.png in Resources */ = {isa = PBXBuildFile; fileRef = 3B3D99ED205EADB5000F2E9E /* skip-previous.png */; };
		3B3D99F8205EE0A0000F2E9E /* love-gray.png in Resources */ = {isa = PBXBuildFile; fileRef = 3B3D99F5205EE09D000F2E9E /* love-gray.png */; };
		3B3D99FA205EE0A0000F2E9E /* love-red.png in Resources */ = {isa = PBXBuildFile; fileRef = 3B3D99F7205EE0A0000F2E9E /* love-red.png */; };
		3B3D99FE205EE242000F2E9E /* stop.png in Resources */ = {isa = PBXBuildFile; fileRef = 3B3D99FD205EE241000F2E9E /* stop.png */; };
		3B3D9A03205EE689000F2E9E /* list-64.png in Resources */ = {isa = PBXBuildFile; fileRef = 3B3D9A00205EE689000F2E9E /* list-64.png */; };
		3B3D9A04205EE689000F2E9E /* list-32.png in Resources */ = {isa = PBXBuildFile; fileRef = 3B3D9A01205EE689000F2E9E /* list-32.png */; };
		3B3D9A05205EE689000F2E9E /* list-128.png in Resources */ = {isa = PBXBuildFile; fileRef = 3B3D9A02205EE689000F2E9E /* list-128.png */; };
		3B469ADE1FF2464D0035E138 /* TodayCell.m in Sources */ = {isa = PBXBuildFile; fileRef = 3B469ADD1FF2464D0035E138 /* TodayCell.m */; };
		3B4806761FC96585009035CD /* PersonalizedRequestFactory.m in Sources */ = {isa = PBXBuildFile; fileRef = 3B4806751FC96585009035CD /* PersonalizedRequestFactory.m */; };
		3B4B865E20725D980053BF18 /* AlbumChartsViewController.m in Sources */ = {isa = PBXBuildFile; fileRef = 3B4B865D20725D980053BF18 /* AlbumChartsViewController.m */; };
		3B4B866120725DB70053BF18 /* MusicVideoChartsViewController.m in Sources */ = {isa = PBXBuildFile; fileRef = 3B4B866020725DB70053BF18 /* MusicVideoChartsViewController.m */; };
		3B4B866420725DD20053BF18 /* SongChartsViewController.m in Sources */ = {isa = PBXBuildFile; fileRef = 3B4B866320725DD20053BF18 /* SongChartsViewController.m */; };
		3B4B866D207385140053BF18 /* NewCardView.m in Sources */ = {isa = PBXBuildFile; fileRef = 3B4B866B207385130053BF18 /* NewCardView.m */; };
		3B5371E51FD148B6009AFE47 /* Genre.m in Sources */ = {isa = PBXBuildFile; fileRef = 3B5371E41FD148B6009AFE47 /* Genre.m */; };
		3B5371E81FD2BC60009AFE47 /* MMObject.m in Sources */ = {isa = PBXBuildFile; fileRef = 3B5371E71FD2BC60009AFE47 /* MMObject.m */; };
		3B5371FE1FDBF50B009AFE47 /* NSObject+Tool.m in Sources */ = {isa = PBXBuildFile; fileRef = 3B5371FD1FDBF50B009AFE47 /* NSObject+Tool.m */; };
		3B7862B42063D23B00E9A26A /* more-gray.png in Resources */ = {isa = PBXBuildFile; fileRef = 3B7862B22063D23A00E9A26A /* more-gray.png */; };
		3B7862B52063D23B00E9A26A /* more-blue.png in Resources */ = {isa = PBXBuildFile; fileRef = 3B7862B32063D23A00E9A26A /* more-blue.png */; };
		3B7862EA20691E2300E9A26A /* player.png in Resources */ = {isa = PBXBuildFile; fileRef = 3B7862E920691E2300E9A26A /* player.png */; };
		3B87992E204FF7E000EE9D2A /* HeadCell.m in Sources */ = {isa = PBXBuildFile; fileRef = 3B87992D204FF7E000EE9D2A /* HeadCell.m */; };
		3B8799592052BBC300EE9D2A /* DetailViewController.m in Sources */ = {isa = PBXBuildFile; fileRef = 3B8799582052BBC300EE9D2A /* DetailViewController.m */; };
		3B8799612053DC4600EE9D2A /* HeaderView.m in Sources */ = {isa = PBXBuildFile; fileRef = 3B8799602053DC4600EE9D2A /* HeaderView.m */; };
		3B9AA86C1FB04B5700720085 /* AppDelegate.m in Sources */ = {isa = PBXBuildFile; fileRef = 3B9AA86B1FB04B5700720085 /* AppDelegate.m */; };
		3B9AA8721FB04B5700720085 /* Main.storyboard in Resources */ = {isa = PBXBuildFile; fileRef = 3B9AA8701FB04B5700720085 /* Main.storyboard */; };
		3B9AA8741FB04B5700720085 /* Assets.xcassets in Resources */ = {isa = PBXBuildFile; fileRef = 3B9AA8731FB04B5700720085 /* Assets.xcassets */; };
		3B9AA8771FB04B5700720085 /* LaunchScreen.storyboard in Resources */ = {isa = PBXBuildFile; fileRef = 3B9AA8751FB04B5700720085 /* LaunchScreen.storyboard */; };
		3B9AA87A1FB04B5700720085 /* main.m in Sources */ = {isa = PBXBuildFile; fileRef = 3B9AA8791FB04B5700720085 /* main.m */; };
		3B9AA8821FB04BC400720085 /* LocalMusicViewController.m in Sources */ = {isa = PBXBuildFile; fileRef = 3B9AA8811FB04BC400720085 /* LocalMusicViewController.m */; };
		3B9AA8851FB053C200720085 /* LocalMusicViewCell.m in Sources */ = {isa = PBXBuildFile; fileRef = 3B9AA8841FB053C200720085 /* LocalMusicViewCell.m */; };
		3B9AA8891FB2E06C00720085 /* MyMusicViewController.m in Sources */ = {isa = PBXBuildFile; fileRef = 3B9AA8881FB2E06C00720085 /* MyMusicViewController.m */; };
		3B9AA8D61FB452FF00720085 /* Relationship.m in Sources */ = {isa = PBXBuildFile; fileRef = 3B9AA8D21FB452FE00720085 /* Relationship.m */; };
		3B9AA8D71FB452FF00720085 /* Resource.m in Sources */ = {isa = PBXBuildFile; fileRef = 3B9AA8D31FB452FE00720085 /* Resource.m */; };
		3B9AA8D81FB452FF00720085 /* ResponseRoot.m in Sources */ = {isa = PBXBuildFile; fileRef = 3B9AA8D41FB452FE00720085 /* ResponseRoot.m */; };
		3B9AA8DB1FB4535400720085 /* Error.m in Sources */ = {isa = PBXBuildFile; fileRef = 3B9AA8DA1FB4535400720085 /* Error.m */; };
		3B9AA8E01FB461CD00720085 /* Activity.m in Sources */ = {isa = PBXBuildFile; fileRef = 3B9AA8DF1FB461CD00720085 /* Activity.m */; };
		3B9AA8E31FB463E800720085 /* Album.m in Sources */ = {isa = PBXBuildFile; fileRef = 3B9AA8E21FB463E800720085 /* Album.m */; };
		3B9AA8E61FB46C7700720085 /* AppleCurator.m in Sources */ = {isa = PBXBuildFile; fileRef = 3B9AA8E51FB46C7700720085 /* AppleCurator.m */; };
		3B9AA8E91FB46D6100720085 /* Artist.m in Sources */ = {isa = PBXBuildFile; fileRef = 3B9AA8E81FB46D6100720085 /* Artist.m */; };
		3B9AA8EC1FB46E7B00720085 /* Artwork.m in Sources */ = {isa = PBXBuildFile; fileRef = 3B9AA8EB1FB46E7B00720085 /* Artwork.m */; };
		3B9AA8EF1FB46F9300720085 /* Chart.m in Sources */ = {isa = PBXBuildFile; fileRef = 3B9AA8EE1FB46F9300720085 /* Chart.m */; };
		3B9AA8F21FB4708E00720085 /* Curator.m in Sources */ = {isa = PBXBuildFile; fileRef = 3B9AA8F11FB4708E00720085 /* Curator.m */; };
		3B9AA8F51FB4719A00720085 /* MusicVideo.m in Sources */ = {isa = PBXBuildFile; fileRef = 3B9AA8F41FB4719A00720085 /* MusicVideo.m */; };
		3B9AA8F81FB4759F00720085 /* EditorialNotes.m in Sources */ = {isa = PBXBuildFile; fileRef = 3B9AA8F71FB4759F00720085 /* EditorialNotes.m */; };
		3B9AA8FB1FB4769500720085 /* Playlist.m in Sources */ = {isa = PBXBuildFile; fileRef = 3B9AA8FA1FB4769500720085 /* Playlist.m */; };
		3B9AA8FE1FB478C700720085 /* PlayParameters.m in Sources */ = {isa = PBXBuildFile; fileRef = 3B9AA8FD1FB478C700720085 /* PlayParameters.m */; };
		3B9AA9011FB479B700720085 /* Preview.m in Sources */ = {isa = PBXBuildFile; fileRef = 3B9AA9001FB479B700720085 /* Preview.m */; };
		3B9AA9041FB47A6C00720085 /* Recommendation.m in Sources */ = {isa = PBXBuildFile; fileRef = 3B9AA9031FB47A6C00720085 /* Recommendation.m */; };
		3B9AA9071FB47C1200720085 /* Song.m in Sources */ = {isa = PBXBuildFile; fileRef = 3B9AA9061FB47C1200720085 /* Song.m */; };
		3B9AA90A1FB47D6B00720085 /* Station.m in Sources */ = {isa = PBXBuildFile; fileRef = 3B9AA9091FB47D6B00720085 /* Station.m */; };
		3B9AA90D1FB47E0700720085 /* Storefront.m in Sources */ = {isa = PBXBuildFile; fileRef = 3B9AA90C1FB47E0700720085 /* Storefront.m */; };
		3B9AA9101FB4817F00720085 /* RequestFactory.m in Sources */ = {isa = PBXBuildFile; fileRef = 3B9AA90F1FB4817F00720085 /* RequestFactory.m */; };
		3B9AA9161FB588AF00720085 /* AuthorizationManager.m in Sources */ = {isa = PBXBuildFile; fileRef = 3B9AA9151FB588AF00720085 /* AuthorizationManager.m */; };
		3BAAB7C9207A45B6007A74EA /* SearchViewController.m in Sources */ = {isa = PBXBuildFile; fileRef = 3BAAB7C8207A45B6007A74EA /* SearchViewController.m */; };
		3BB731DB207B743D00DC629B /* WaitingCell.m in Sources */ = {isa = PBXBuildFile; fileRef = 3BB731DA207B743D00DC629B /* WaitingCell.m */; };
		3BB731DE207B9BD800DC629B /* NSObject+MMObject.m in Sources */ = {isa = PBXBuildFile; fileRef = 3BB731DD207B9BD800DC629B /* NSObject+MMObject.m */; };
		3BB731E1207BAF7E00DC629B /* ResultsViewController.m in Sources */ = {isa = PBXBuildFile; fileRef = 3BB731E0207BAF7E00DC629B /* ResultsViewController.m */; };
		3BC4732A1FF23B380084016F /* Info.plist in Resources */ = {isa = PBXBuildFile; fileRef = 3BC473291FF23B380084016F /* Info.plist */; };
		3BC4DF5B206E761100CDE7C1 /* ChartsViewController.m in Sources */ = {isa = PBXBuildFile; fileRef = 3BC4DF5A206E761100CDE7C1 /* ChartsViewController.m */; };
		3BDBBB2F2073D84600680CCB /* ChartsAlbumCell.m in Sources */ = {isa = PBXBuildFile; fileRef = 3BDBBB2E2073D84600680CCB /* ChartsAlbumCell.m */; };
		3BDBBB32207414A700680CCB /* ChartFooterView.m in Sources */ = {isa = PBXBuildFile; fileRef = 3BDBBB31207414A700680CCB /* ChartFooterView.m */; };
		3BDBBBAA2077645700680CCB /* ChartsMusicVideoCell.m in Sources */ = {isa = PBXBuildFile; fileRef = 3BDBBBA92077645700680CCB /* ChartsMusicVideoCell.m */; };
		3BDBBBAD2078BE4D00680CCB /* ChartsSongCell.m in Sources */ = {isa = PBXBuildFile; fileRef = 3BDBBBAC2078BE4D00680CCB /* ChartsSongCell.m */; };
		3BDFCB56207CC09700D85021 /* SearchSectionWaitingHeader.m in Sources */ = {isa = PBXBuildFile; fileRef = 3BDFCB55207CC09700D85021 /* SearchSectionWaitingHeader.m */; };
		3BDFCB59207CE3DE00D85021 /* ResultsSectionHeader.m in Sources */ = {isa = PBXBuildFile; fileRef = 3BDFCB58207CE3DE00D85021 /* ResultsSectionHeader.m */; };
		3BDFCB5F207CF68C00D85021 /* SearchSectionWaitingFooter.m in Sources */ = {isa = PBXBuildFile; fileRef = 3BDFCB5E207CF68C00D85021 /* SearchSectionWaitingFooter.m */; };
		3BDFCB6220820A4700D85021 /* PlayControllerView.m in Sources */ = {isa = PBXBuildFile; fileRef = 3BDFCB6120820A4700D85021 /* PlayControllerView.m */; };
		3BDFCB682082219900D85021 /* PlayProgressView.m in Sources */ = {isa = PBXBuildFile; fileRef = 3BDFCB672082219900D85021 /* PlayProgressView.m */; };
		3BDFCBD3208634CD00D85021 /* UIButton+BlockButton.m in Sources */ = {isa = PBXBuildFile; fileRef = 3BDFCBD2208634CD00D85021 /* UIButton+BlockButton.m */; };
/* End PBXBuildFile section */

/* Begin PBXFileReference section */
		3A8F449D3A1F4F346C21DEC4 /* Pods-MMusic.release.xcconfig */ = {isa = PBXFileReference; includeInIndex = 1; lastKnownFileType = text.xcconfig; name = "Pods-MMusic.release.xcconfig"; path = "Pods/Target Support Files/Pods-MMusic/Pods-MMusic.release.xcconfig"; sourceTree = "<group>"; };
		3B23AC731FF236A800F0A9CA /* TodayCollectionViewController.h */ = {isa = PBXFileReference; lastKnownFileType = sourcecode.c.h; path = TodayCollectionViewController.h; sourceTree = "<group>"; };
		3B23AC741FF236A800F0A9CA /* TodayCollectionViewController.m */ = {isa = PBXFileReference; lastKnownFileType = sourcecode.c.objc; path = TodayCollectionViewController.m; sourceTree = "<group>"; };
		3B3D997F205512FA000F2E9E /* SongCell.h */ = {isa = PBXFileReference; lastKnownFileType = sourcecode.c.h; path = SongCell.h; sourceTree = "<group>"; };
		3B3D9980205512FA000F2E9E /* SongCell.m */ = {isa = PBXFileReference; lastKnownFileType = sourcecode.c.objc; path = SongCell.m; sourceTree = "<group>"; };
		3B3D998220553CD4000F2E9E /* PlayerViewController.h */ = {isa = PBXFileReference; lastKnownFileType = sourcecode.c.h; path = PlayerViewController.h; sourceTree = "<group>"; };
		3B3D998320553CD4000F2E9E /* PlayerViewController.m */ = {isa = PBXFileReference; lastKnownFileType = sourcecode.c.objc; path = PlayerViewController.m; sourceTree = "<group>"; };
		3B3D9987205540A0000F2E9E /* PlayerView.h */ = {isa = PBXFileReference; lastKnownFileType = sourcecode.c.h; path = PlayerView.h; sourceTree = "<group>"; };
		3B3D9988205540A0000F2E9E /* PlayerView.m */ = {isa = PBXFileReference; lastKnownFileType = sourcecode.c.objc; path = PlayerView.m; sourceTree = "<group>"; };
		3B3D99E8205E990D000F2E9E /* NSString+Hash.h */ = {isa = PBXFileReference; fileEncoding = 4; lastKnownFileType = sourcecode.c.h; path = "NSString+Hash.h"; sourceTree = "<group>"; };
		3B3D99E9205E990F000F2E9E /* NSString+Hash.m */ = {isa = PBXFileReference; fileEncoding = 4; lastKnownFileType = sourcecode.c.objc; path = "NSString+Hash.m"; sourceTree = "<group>"; };
		3B3D99EB205EADB3000F2E9E /* play.png */ = {isa = PBXFileReference; lastKnownFileType = image.png; path = play.png; sourceTree = "<group>"; };
		3B3D99EC205EADB4000F2E9E /* skip-next.png */ = {isa = PBXFileReference; lastKnownFileType = image.png; path = "skip-next.png"; sourceTree = "<group>"; };
		3B3D99ED205EADB5000F2E9E /* skip-previous.png */ = {isa = PBXFileReference; lastKnownFileType = image.png; path = "skip-previous.png"; sourceTree = "<group>"; };
		3B3D99F5205EE09D000F2E9E /* love-gray.png */ = {isa = PBXFileReference; lastKnownFileType = image.png; path = "love-gray.png"; sourceTree = "<group>"; };
		3B3D99F7205EE0A0000F2E9E /* love-red.png */ = {isa = PBXFileReference; lastKnownFileType = image.png; path = "love-red.png"; sourceTree = "<group>"; };
		3B3D99FD205EE241000F2E9E /* stop.png */ = {isa = PBXFileReference; lastKnownFileType = image.png; path = stop.png; sourceTree = "<group>"; };
		3B3D9A00205EE689000F2E9E /* list-64.png */ = {isa = PBXFileReference; lastKnownFileType = image.png; path = "list-64.png"; sourceTree = "<group>"; };
		3B3D9A01205EE689000F2E9E /* list-32.png */ = {isa = PBXFileReference; lastKnownFileType = image.png; path = "list-32.png"; sourceTree = "<group>"; };
		3B3D9A02205EE689000F2E9E /* list-128.png */ = {isa = PBXFileReference; lastKnownFileType = image.png; path = "list-128.png"; sourceTree = "<group>"; };
		3B469ADC1FF2464D0035E138 /* TodayCell.h */ = {isa = PBXFileReference; lastKnownFileType = sourcecode.c.h; path = TodayCell.h; sourceTree = "<group>"; };
		3B469ADD1FF2464D0035E138 /* TodayCell.m */ = {isa = PBXFileReference; lastKnownFileType = sourcecode.c.objc; path = TodayCell.m; sourceTree = "<group>"; };
		3B4806741FC96585009035CD /* PersonalizedRequestFactory.h */ = {isa = PBXFileReference; lastKnownFileType = sourcecode.c.h; path = PersonalizedRequestFactory.h; sourceTree = "<group>"; };
		3B4806751FC96585009035CD /* PersonalizedRequestFactory.m */ = {isa = PBXFileReference; lastKnownFileType = sourcecode.c.objc; path = PersonalizedRequestFactory.m; sourceTree = "<group>"; };
		3B4B865C20725D980053BF18 /* AlbumChartsViewController.h */ = {isa = PBXFileReference; lastKnownFileType = sourcecode.c.h; path = AlbumChartsViewController.h; sourceTree = "<group>"; };
		3B4B865D20725D980053BF18 /* AlbumChartsViewController.m */ = {isa = PBXFileReference; lastKnownFileType = sourcecode.c.objc; path = AlbumChartsViewController.m; sourceTree = "<group>"; };
		3B4B865F20725DB70053BF18 /* MusicVideoChartsViewController.h */ = {isa = PBXFileReference; lastKnownFileType = sourcecode.c.h; path = MusicVideoChartsViewController.h; sourceTree = "<group>"; };
		3B4B866020725DB70053BF18 /* MusicVideoChartsViewController.m */ = {isa = PBXFileReference; lastKnownFileType = sourcecode.c.objc; path = MusicVideoChartsViewController.m; sourceTree = "<group>"; };
		3B4B866220725DD20053BF18 /* SongChartsViewController.h */ = {isa = PBXFileReference; lastKnownFileType = sourcecode.c.h; path = SongChartsViewController.h; sourceTree = "<group>"; };
		3B4B866320725DD20053BF18 /* SongChartsViewController.m */ = {isa = PBXFileReference; lastKnownFileType = sourcecode.c.objc; path = SongChartsViewController.m; sourceTree = "<group>"; };
		3B4B866B207385130053BF18 /* NewCardView.m */ = {isa = PBXFileReference; fileEncoding = 4; lastKnownFileType = sourcecode.c.objc; path = NewCardView.m; sourceTree = "<group>"; };
		3B4B866C207385130053BF18 /* NewCardView.h */ = {isa = PBXFileReference; fileEncoding = 4; lastKnownFileType = sourcecode.c.h; path = NewCardView.h; sourceTree = "<group>"; };
		3B5371E31FD148B6009AFE47 /* Genre.h */ = {isa = PBXFileReference; lastKnownFileType = sourcecode.c.h; path = Genre.h; sourceTree = "<group>"; };
		3B5371E41FD148B6009AFE47 /* Genre.m */ = {isa = PBXFileReference; lastKnownFileType = sourcecode.c.objc; path = Genre.m; sourceTree = "<group>"; };
		3B5371E61FD2BC60009AFE47 /* MMObject.h */ = {isa = PBXFileReference; lastKnownFileType = sourcecode.c.h; path = MMObject.h; sourceTree = "<group>"; };
		3B5371E71FD2BC60009AFE47 /* MMObject.m */ = {isa = PBXFileReference; lastKnownFileType = sourcecode.c.objc; path = MMObject.m; sourceTree = "<group>"; };
		3B5371FC1FDBF50B009AFE47 /* NSObject+Tool.h */ = {isa = PBXFileReference; lastKnownFileType = sourcecode.c.h; path = "NSObject+Tool.h"; sourceTree = "<group>"; };
		3B5371FD1FDBF50B009AFE47 /* NSObject+Tool.m */ = {isa = PBXFileReference; lastKnownFileType = sourcecode.c.objc; path = "NSObject+Tool.m"; sourceTree = "<group>"; };
		3B7862B22063D23A00E9A26A /* more-gray.png */ = {isa = PBXFileReference; lastKnownFileType = image.png; path = "more-gray.png"; sourceTree = "<group>"; };
		3B7862B32063D23A00E9A26A /* more-blue.png */ = {isa = PBXFileReference; lastKnownFileType = image.png; path = "more-blue.png"; sourceTree = "<group>"; };
		3B7862E920691E2300E9A26A /* player.png */ = {isa = PBXFileReference; lastKnownFileType = image.png; path = player.png; sourceTree = "<group>"; };
		3B87992C204FF7E000EE9D2A /* HeadCell.h */ = {isa = PBXFileReference; lastKnownFileType = sourcecode.c.h; path = HeadCell.h; sourceTree = "<group>"; };
		3B87992D204FF7E000EE9D2A /* HeadCell.m */ = {isa = PBXFileReference; lastKnownFileType = sourcecode.c.objc; path = HeadCell.m; sourceTree = "<group>"; };
		3B8799572052BBC300EE9D2A /* DetailViewController.h */ = {isa = PBXFileReference; lastKnownFileType = sourcecode.c.h; path = DetailViewController.h; sourceTree = "<group>"; };
		3B8799582052BBC300EE9D2A /* DetailViewController.m */ = {isa = PBXFileReference; lastKnownFileType = sourcecode.c.objc; path = DetailViewController.m; sourceTree = "<group>"; };
		3B87995F2053DC4600EE9D2A /* HeaderView.h */ = {isa = PBXFileReference; lastKnownFileType = sourcecode.c.h; path = HeaderView.h; sourceTree = "<group>"; };
		3B8799602053DC4600EE9D2A /* HeaderView.m */ = {isa = PBXFileReference; lastKnownFileType = sourcecode.c.objc; path = HeaderView.m; sourceTree = "<group>"; };
		3B9AA8671FB04B5700720085 /* MMusic.app */ = {isa = PBXFileReference; explicitFileType = wrapper.application; includeInIndex = 0; path = MMusic.app; sourceTree = BUILT_PRODUCTS_DIR; };
		3B9AA86A1FB04B5700720085 /* AppDelegate.h */ = {isa = PBXFileReference; lastKnownFileType = sourcecode.c.h; path = AppDelegate.h; sourceTree = "<group>"; };
		3B9AA86B1FB04B5700720085 /* AppDelegate.m */ = {isa = PBXFileReference; lastKnownFileType = sourcecode.c.objc; path = AppDelegate.m; sourceTree = "<group>"; };
		3B9AA8711FB04B5700720085 /* Base */ = {isa = PBXFileReference; lastKnownFileType = file.storyboard; name = Base; path = Base.lproj/Main.storyboard; sourceTree = "<group>"; };
		3B9AA8731FB04B5700720085 /* Assets.xcassets */ = {isa = PBXFileReference; lastKnownFileType = folder.assetcatalog; path = Assets.xcassets; sourceTree = "<group>"; };
		3B9AA8761FB04B5700720085 /* Base */ = {isa = PBXFileReference; lastKnownFileType = file.storyboard; name = Base; path = Base.lproj/LaunchScreen.storyboard; sourceTree = "<group>"; };
		3B9AA8791FB04B5700720085 /* main.m */ = {isa = PBXFileReference; lastKnownFileType = sourcecode.c.objc; path = main.m; sourceTree = "<group>"; };
		3B9AA8801FB04BC400720085 /* LocalMusicViewController.h */ = {isa = PBXFileReference; lastKnownFileType = sourcecode.c.h; path = LocalMusicViewController.h; sourceTree = "<group>"; };
		3B9AA8811FB04BC400720085 /* LocalMusicViewController.m */ = {isa = PBXFileReference; lastKnownFileType = sourcecode.c.objc; path = LocalMusicViewController.m; sourceTree = "<group>"; };
		3B9AA8831FB053C200720085 /* LocalMusicViewCell.h */ = {isa = PBXFileReference; lastKnownFileType = sourcecode.c.h; path = LocalMusicViewCell.h; sourceTree = "<group>"; };
		3B9AA8841FB053C200720085 /* LocalMusicViewCell.m */ = {isa = PBXFileReference; lastKnownFileType = sourcecode.c.objc; path = LocalMusicViewCell.m; sourceTree = "<group>"; };
		3B9AA8861FB0545C00720085 /* MMusic.pch */ = {isa = PBXFileReference; lastKnownFileType = sourcecode.c.h; path = MMusic.pch; sourceTree = "<group>"; };
		3B9AA8871FB2E06C00720085 /* MyMusicViewController.h */ = {isa = PBXFileReference; lastKnownFileType = sourcecode.c.h; path = MyMusicViewController.h; sourceTree = "<group>"; };
		3B9AA8881FB2E06C00720085 /* MyMusicViewController.m */ = {isa = PBXFileReference; lastKnownFileType = sourcecode.c.objc; path = MyMusicViewController.m; sourceTree = "<group>"; };
		3B9AA8D01FB452FE00720085 /* Relationship.h */ = {isa = PBXFileReference; fileEncoding = 4; lastKnownFileType = sourcecode.c.h; path = Relationship.h; sourceTree = "<group>"; };
		3B9AA8D11FB452FE00720085 /* Resource.h */ = {isa = PBXFileReference; fileEncoding = 4; lastKnownFileType = sourcecode.c.h; path = Resource.h; sourceTree = "<group>"; };
		3B9AA8D21FB452FE00720085 /* Relationship.m */ = {isa = PBXFileReference; fileEncoding = 4; lastKnownFileType = sourcecode.c.objc; path = Relationship.m; sourceTree = "<group>"; };
		3B9AA8D31FB452FE00720085 /* Resource.m */ = {isa = PBXFileReference; fileEncoding = 4; lastKnownFileType = sourcecode.c.objc; path = Resource.m; sourceTree = "<group>"; };
		3B9AA8D41FB452FE00720085 /* ResponseRoot.m */ = {isa = PBXFileReference; fileEncoding = 4; lastKnownFileType = sourcecode.c.objc; path = ResponseRoot.m; sourceTree = "<group>"; };
		3B9AA8D51FB452FE00720085 /* ResponseRoot.h */ = {isa = PBXFileReference; fileEncoding = 4; lastKnownFileType = sourcecode.c.h; path = ResponseRoot.h; sourceTree = "<group>"; };
		3B9AA8D91FB4535400720085 /* Error.h */ = {isa = PBXFileReference; fileEncoding = 4; lastKnownFileType = sourcecode.c.h; path = Error.h; sourceTree = "<group>"; };
		3B9AA8DA1FB4535400720085 /* Error.m */ = {isa = PBXFileReference; fileEncoding = 4; lastKnownFileType = sourcecode.c.objc; path = Error.m; sourceTree = "<group>"; };
		3B9AA8DE1FB461CD00720085 /* Activity.h */ = {isa = PBXFileReference; lastKnownFileType = sourcecode.c.h; path = Activity.h; sourceTree = "<group>"; };
		3B9AA8DF1FB461CD00720085 /* Activity.m */ = {isa = PBXFileReference; lastKnownFileType = sourcecode.c.objc; path = Activity.m; sourceTree = "<group>"; };
		3B9AA8E11FB463E800720085 /* Album.h */ = {isa = PBXFileReference; lastKnownFileType = sourcecode.c.h; path = Album.h; sourceTree = "<group>"; };
		3B9AA8E21FB463E800720085 /* Album.m */ = {isa = PBXFileReference; lastKnownFileType = sourcecode.c.objc; path = Album.m; sourceTree = "<group>"; };
		3B9AA8E41FB46C7700720085 /* AppleCurator.h */ = {isa = PBXFileReference; lastKnownFileType = sourcecode.c.h; path = AppleCurator.h; sourceTree = "<group>"; };
		3B9AA8E51FB46C7700720085 /* AppleCurator.m */ = {isa = PBXFileReference; lastKnownFileType = sourcecode.c.objc; path = AppleCurator.m; sourceTree = "<group>"; };
		3B9AA8E71FB46D6100720085 /* Artist.h */ = {isa = PBXFileReference; lastKnownFileType = sourcecode.c.h; path = Artist.h; sourceTree = "<group>"; };
		3B9AA8E81FB46D6100720085 /* Artist.m */ = {isa = PBXFileReference; lastKnownFileType = sourcecode.c.objc; path = Artist.m; sourceTree = "<group>"; };
		3B9AA8EA1FB46E7B00720085 /* Artwork.h */ = {isa = PBXFileReference; lastKnownFileType = sourcecode.c.h; path = Artwork.h; sourceTree = "<group>"; };
		3B9AA8EB1FB46E7B00720085 /* Artwork.m */ = {isa = PBXFileReference; lastKnownFileType = sourcecode.c.objc; path = Artwork.m; sourceTree = "<group>"; };
		3B9AA8ED1FB46F9300720085 /* Chart.h */ = {isa = PBXFileReference; lastKnownFileType = sourcecode.c.h; path = Chart.h; sourceTree = "<group>"; };
		3B9AA8EE1FB46F9300720085 /* Chart.m */ = {isa = PBXFileReference; lastKnownFileType = sourcecode.c.objc; path = Chart.m; sourceTree = "<group>"; };
		3B9AA8F01FB4708E00720085 /* Curator.h */ = {isa = PBXFileReference; lastKnownFileType = sourcecode.c.h; path = Curator.h; sourceTree = "<group>"; };
		3B9AA8F11FB4708E00720085 /* Curator.m */ = {isa = PBXFileReference; lastKnownFileType = sourcecode.c.objc; path = Curator.m; sourceTree = "<group>"; };
		3B9AA8F31FB4719A00720085 /* MusicVideo.h */ = {isa = PBXFileReference; lastKnownFileType = sourcecode.c.h; path = MusicVideo.h; sourceTree = "<group>"; };
		3B9AA8F41FB4719A00720085 /* MusicVideo.m */ = {isa = PBXFileReference; lastKnownFileType = sourcecode.c.objc; path = MusicVideo.m; sourceTree = "<group>"; };
		3B9AA8F61FB4759F00720085 /* EditorialNotes.h */ = {isa = PBXFileReference; lastKnownFileType = sourcecode.c.h; path = EditorialNotes.h; sourceTree = "<group>"; };
		3B9AA8F71FB4759F00720085 /* EditorialNotes.m */ = {isa = PBXFileReference; lastKnownFileType = sourcecode.c.objc; path = EditorialNotes.m; sourceTree = "<group>"; };
		3B9AA8F91FB4769500720085 /* Playlist.h */ = {isa = PBXFileReference; lastKnownFileType = sourcecode.c.h; path = Playlist.h; sourceTree = "<group>"; };
		3B9AA8FA1FB4769500720085 /* Playlist.m */ = {isa = PBXFileReference; lastKnownFileType = sourcecode.c.objc; path = Playlist.m; sourceTree = "<group>"; };
		3B9AA8FC1FB478C700720085 /* PlayParameters.h */ = {isa = PBXFileReference; lastKnownFileType = sourcecode.c.h; path = PlayParameters.h; sourceTree = "<group>"; };
		3B9AA8FD1FB478C700720085 /* PlayParameters.m */ = {isa = PBXFileReference; lastKnownFileType = sourcecode.c.objc; path = PlayParameters.m; sourceTree = "<group>"; };
		3B9AA8FF1FB479B700720085 /* Preview.h */ = {isa = PBXFileReference; lastKnownFileType = sourcecode.c.h; path = Preview.h; sourceTree = "<group>"; };
		3B9AA9001FB479B700720085 /* Preview.m */ = {isa = PBXFileReference; lastKnownFileType = sourcecode.c.objc; path = Preview.m; sourceTree = "<group>"; };
		3B9AA9021FB47A6C00720085 /* Recommendation.h */ = {isa = PBXFileReference; lastKnownFileType = sourcecode.c.h; path = Recommendation.h; sourceTree = "<group>"; };
		3B9AA9031FB47A6C00720085 /* Recommendation.m */ = {isa = PBXFileReference; lastKnownFileType = sourcecode.c.objc; path = Recommendation.m; sourceTree = "<group>"; };
		3B9AA9051FB47C1200720085 /* Song.h */ = {isa = PBXFileReference; lastKnownFileType = sourcecode.c.h; path = Song.h; sourceTree = "<group>"; };
		3B9AA9061FB47C1200720085 /* Song.m */ = {isa = PBXFileReference; lastKnownFileType = sourcecode.c.objc; path = Song.m; sourceTree = "<group>"; };
		3B9AA9081FB47D6B00720085 /* Station.h */ = {isa = PBXFileReference; lastKnownFileType = sourcecode.c.h; path = Station.h; sourceTree = "<group>"; };
		3B9AA9091FB47D6B00720085 /* Station.m */ = {isa = PBXFileReference; lastKnownFileType = sourcecode.c.objc; path = Station.m; sourceTree = "<group>"; };
		3B9AA90B1FB47E0700720085 /* Storefront.h */ = {isa = PBXFileReference; lastKnownFileType = sourcecode.c.h; path = Storefront.h; sourceTree = "<group>"; };
		3B9AA90C1FB47E0700720085 /* Storefront.m */ = {isa = PBXFileReference; lastKnownFileType = sourcecode.c.objc; path = Storefront.m; sourceTree = "<group>"; };
		3B9AA90E1FB4817F00720085 /* RequestFactory.h */ = {isa = PBXFileReference; lastKnownFileType = sourcecode.c.h; path = RequestFactory.h; sourceTree = "<group>"; };
		3B9AA90F1FB4817F00720085 /* RequestFactory.m */ = {isa = PBXFileReference; lastKnownFileType = sourcecode.c.objc; path = RequestFactory.m; sourceTree = "<group>"; };
		3B9AA9141FB588AF00720085 /* AuthorizationManager.h */ = {isa = PBXFileReference; lastKnownFileType = sourcecode.c.h; path = AuthorizationManager.h; sourceTree = "<group>"; };
		3B9AA9151FB588AF00720085 /* AuthorizationManager.m */ = {isa = PBXFileReference; lastKnownFileType = sourcecode.c.objc; path = AuthorizationManager.m; sourceTree = "<group>"; };
		3BAAB7C7207A45B6007A74EA /* SearchViewController.h */ = {isa = PBXFileReference; lastKnownFileType = sourcecode.c.h; path = SearchViewController.h; sourceTree = "<group>"; };
		3BAAB7C8207A45B6007A74EA /* SearchViewController.m */ = {isa = PBXFileReference; lastKnownFileType = sourcecode.c.objc; path = SearchViewController.m; sourceTree = "<group>"; };
		3BB731D9207B743D00DC629B /* WaitingCell.h */ = {isa = PBXFileReference; lastKnownFileType = sourcecode.c.h; path = WaitingCell.h; sourceTree = "<group>"; };
		3BB731DA207B743D00DC629B /* WaitingCell.m */ = {isa = PBXFileReference; lastKnownFileType = sourcecode.c.objc; path = WaitingCell.m; sourceTree = "<group>"; };
		3BB731DC207B9BD800DC629B /* NSObject+MMObject.h */ = {isa = PBXFileReference; lastKnownFileType = sourcecode.c.h; path = "NSObject+MMObject.h"; sourceTree = "<group>"; };
		3BB731DD207B9BD800DC629B /* NSObject+MMObject.m */ = {isa = PBXFileReference; lastKnownFileType = sourcecode.c.objc; path = "NSObject+MMObject.m"; sourceTree = "<group>"; };
		3BB731DF207BAF7D00DC629B /* ResultsViewController.h */ = {isa = PBXFileReference; lastKnownFileType = sourcecode.c.h; path = ResultsViewController.h; sourceTree = "<group>"; };
		3BB731E0207BAF7E00DC629B /* ResultsViewController.m */ = {isa = PBXFileReference; lastKnownFileType = sourcecode.c.objc; path = ResultsViewController.m; sourceTree = "<group>"; };
		3BC473291FF23B380084016F /* Info.plist */ = {isa = PBXFileReference; fileEncoding = 4; lastKnownFileType = text.plist.xml; path = Info.plist; sourceTree = "<group>"; };
		3BC4DF59206E761100CDE7C1 /* ChartsViewController.h */ = {isa = PBXFileReference; lastKnownFileType = sourcecode.c.h; path = ChartsViewController.h; sourceTree = "<group>"; };
		3BC4DF5A206E761100CDE7C1 /* ChartsViewController.m */ = {isa = PBXFileReference; lastKnownFileType = sourcecode.c.objc; path = ChartsViewController.m; sourceTree = "<group>"; };
		3BDBBB2D2073D84600680CCB /* ChartsAlbumCell.h */ = {isa = PBXFileReference; lastKnownFileType = sourcecode.c.h; path = ChartsAlbumCell.h; sourceTree = "<group>"; };
		3BDBBB2E2073D84600680CCB /* ChartsAlbumCell.m */ = {isa = PBXFileReference; lastKnownFileType = sourcecode.c.objc; path = ChartsAlbumCell.m; sourceTree = "<group>"; };
		3BDBBB30207414A700680CCB /* ChartFooterView.h */ = {isa = PBXFileReference; lastKnownFileType = sourcecode.c.h; path = ChartFooterView.h; sourceTree = "<group>"; };
		3BDBBB31207414A700680CCB /* ChartFooterView.m */ = {isa = PBXFileReference; lastKnownFileType = sourcecode.c.objc; path = ChartFooterView.m; sourceTree = "<group>"; };
		3BDBBBA82077645700680CCB /* ChartsMusicVideoCell.h */ = {isa = PBXFileReference; lastKnownFileType = sourcecode.c.h; path = ChartsMusicVideoCell.h; sourceTree = "<group>"; };
		3BDBBBA92077645700680CCB /* ChartsMusicVideoCell.m */ = {isa = PBXFileReference; lastKnownFileType = sourcecode.c.objc; path = ChartsMusicVideoCell.m; sourceTree = "<group>"; };
		3BDBBBAB2078BE4D00680CCB /* ChartsSongCell.h */ = {isa = PBXFileReference; lastKnownFileType = sourcecode.c.h; path = ChartsSongCell.h; sourceTree = "<group>"; };
		3BDBBBAC2078BE4D00680CCB /* ChartsSongCell.m */ = {isa = PBXFileReference; lastKnownFileType = sourcecode.c.objc; path = ChartsSongCell.m; sourceTree = "<group>"; };
		3BDFCB54207CC09700D85021 /* SearchSectionWaitingHeader.h */ = {isa = PBXFileReference; lastKnownFileType = sourcecode.c.h; path = SearchSectionWaitingHeader.h; sourceTree = "<group>"; };
		3BDFCB55207CC09700D85021 /* SearchSectionWaitingHeader.m */ = {isa = PBXFileReference; lastKnownFileType = sourcecode.c.objc; path = SearchSectionWaitingHeader.m; sourceTree = "<group>"; };
		3BDFCB57207CE3DE00D85021 /* ResultsSectionHeader.h */ = {isa = PBXFileReference; lastKnownFileType = sourcecode.c.h; path = ResultsSectionHeader.h; sourceTree = "<group>"; };
		3BDFCB58207CE3DE00D85021 /* ResultsSectionHeader.m */ = {isa = PBXFileReference; lastKnownFileType = sourcecode.c.objc; path = ResultsSectionHeader.m; sourceTree = "<group>"; };
		3BDFCB5D207CF68C00D85021 /* SearchSectionWaitingFooter.h */ = {isa = PBXFileReference; lastKnownFileType = sourcecode.c.h; path = SearchSectionWaitingFooter.h; sourceTree = "<group>"; };
		3BDFCB5E207CF68C00D85021 /* SearchSectionWaitingFooter.m */ = {isa = PBXFileReference; lastKnownFileType = sourcecode.c.objc; path = SearchSectionWaitingFooter.m; sourceTree = "<group>"; };
		3BDFCB6020820A4700D85021 /* PlayControllerView.h */ = {isa = PBXFileReference; lastKnownFileType = sourcecode.c.h; path = PlayControllerView.h; sourceTree = "<group>"; };
		3BDFCB6120820A4700D85021 /* PlayControllerView.m */ = {isa = PBXFileReference; lastKnownFileType = sourcecode.c.objc; path = PlayControllerView.m; sourceTree = "<group>"; };
		3BDFCB662082219900D85021 /* PlayProgressView.h */ = {isa = PBXFileReference; lastKnownFileType = sourcecode.c.h; path = PlayProgressView.h; sourceTree = "<group>"; };
		3BDFCB672082219900D85021 /* PlayProgressView.m */ = {isa = PBXFileReference; lastKnownFileType = sourcecode.c.objc; path = PlayProgressView.m; sourceTree = "<group>"; };
		3BDFCBD1208634CD00D85021 /* UIButton+BlockButton.h */ = {isa = PBXFileReference; lastKnownFileType = sourcecode.c.h; path = "UIButton+BlockButton.h"; sourceTree = "<group>"; };
		3BDFCBD2208634CD00D85021 /* UIButton+BlockButton.m */ = {isa = PBXFileReference; lastKnownFileType = sourcecode.c.objc; path = "UIButton+BlockButton.m"; sourceTree = "<group>"; };
		914C9E31CA7BED805770445B /* Pods-MMusic.debug.xcconfig */ = {isa = PBXFileReference; includeInIndex = 1; lastKnownFileType = text.xcconfig; name = "Pods-MMusic.debug.xcconfig"; path = "Pods/Target Support Files/Pods-MMusic/Pods-MMusic.debug.xcconfig"; sourceTree = "<group>"; };
		B50B155B334DAF7591C6EA42 /* libPods-MMusic.a */ = {isa = PBXFileReference; explicitFileType = archive.ar; includeInIndex = 0; path = "libPods-MMusic.a"; sourceTree = BUILT_PRODUCTS_DIR; };
/* End PBXFileReference section */

/* Begin PBXFrameworksBuildPhase section */
		3B9AA8641FB04B5700720085 /* Frameworks */ = {
			isa = PBXFrameworksBuildPhase;
			buildActionMask = 2147483647;
			files = (
				305158303AC8F4D3DF4C5210 /* libPods-MMusic.a in Frameworks */,
			);
			runOnlyForDeploymentPostprocessing = 0;
		};
/* End PBXFrameworksBuildPhase section */

/* Begin PBXGroup section */
		05987CBC3CC841CE0B46AA11 /* Pods */ = {
			isa = PBXGroup;
			children = (
				914C9E31CA7BED805770445B /* Pods-MMusic.debug.xcconfig */,
				3A8F449D3A1F4F346C21DEC4 /* Pods-MMusic.release.xcconfig */,
			);
			name = Pods;
			sourceTree = "<group>";
		};
		09AF07E761AA2C3EE68788F2 /* Frameworks */ = {
			isa = PBXGroup;
			children = (
				B50B155B334DAF7591C6EA42 /* libPods-MMusic.a */,
			);
			name = Frameworks;
			sourceTree = "<group>";
		};
		3B23AC721FF2363300F0A9CA /* Today */ = {
			isa = PBXGroup;
			children = (
				3B23AC731FF236A800F0A9CA /* TodayCollectionViewController.h */,
				3B23AC741FF236A800F0A9CA /* TodayCollectionViewController.m */,
				3B8799572052BBC300EE9D2A /* DetailViewController.h */,
				3B8799582052BBC300EE9D2A /* DetailViewController.m */,
				3B469ADB1FF2462C0035E138 /* View */,
			);
			name = Today;
			sourceTree = "<group>";
		};
		3B3D998620553CEB000F2E9E /* PlayerViewController */ = {
			isa = PBXGroup;
			children = (
				3B3D998220553CD4000F2E9E /* PlayerViewController.h */,
				3B3D998320553CD4000F2E9E /* PlayerViewController.m */,
				3B3D9987205540A0000F2E9E /* PlayerView.h */,
				3B3D9988205540A0000F2E9E /* PlayerView.m */,
				3BDFCB662082219900D85021 /* PlayProgressView.h */,
				3BDFCB672082219900D85021 /* PlayProgressView.m */,
				3BDFCB6020820A4700D85021 /* PlayControllerView.h */,
				3BDFCB6120820A4700D85021 /* PlayControllerView.m */,
			);
			name = PlayerViewController;
			sourceTree = "<group>";
		};
		3B3D99FF205EE625000F2E9E /* ImageSource */ = {
			isa = PBXGroup;
			children = (
				3B7862E920691E2300E9A26A /* player.png */,
				3B7862B32063D23A00E9A26A /* more-blue.png */,
				3B7862B22063D23A00E9A26A /* more-gray.png */,
				3B3D9A00205EE689000F2E9E /* list-64.png */,
				3B3D9A02205EE689000F2E9E /* list-128.png */,
				3B3D9A01205EE689000F2E9E /* list-32.png */,
				3B3D99EB205EADB3000F2E9E /* play.png */,
				3B3D99EC205EADB4000F2E9E /* skip-next.png */,
				3B3D99ED205EADB5000F2E9E /* skip-previous.png */,
				3B3D99F7205EE0A0000F2E9E /* love-red.png */,
				3B3D99F5205EE09D000F2E9E /* love-gray.png */,
				3B3D99FD205EE241000F2E9E /* stop.png */,
			);
			name = ImageSource;
			sourceTree = "<group>";
		};
		3B469ADB1FF2462C0035E138 /* View */ = {
			isa = PBXGroup;
			children = (
				3B469ADC1FF2464D0035E138 /* TodayCell.h */,
				3B469ADD1FF2464D0035E138 /* TodayCell.m */,
				3B87992C204FF7E000EE9D2A /* HeadCell.h */,
				3B87992D204FF7E000EE9D2A /* HeadCell.m */,
				3B87995F2053DC4600EE9D2A /* HeaderView.h */,
				3B8799602053DC4600EE9D2A /* HeaderView.m */,
				3B3D997F205512FA000F2E9E /* SongCell.h */,
				3B3D9980205512FA000F2E9E /* SongCell.m */,
			);
			name = View;
			sourceTree = "<group>";
		};
		3B78629D2060F3CA00E9A26A /* Charts */ = {
			isa = PBXGroup;
			children = (
				3BC4DF59206E761100CDE7C1 /* ChartsViewController.h */,
				3BC4DF5A206E761100CDE7C1 /* ChartsViewController.m */,
				3B4B865C20725D980053BF18 /* AlbumChartsViewController.h */,
				3B4B865D20725D980053BF18 /* AlbumChartsViewController.m */,
				3B4B865F20725DB70053BF18 /* MusicVideoChartsViewController.h */,
				3B4B866020725DB70053BF18 /* MusicVideoChartsViewController.m */,
				3B4B866220725DD20053BF18 /* SongChartsViewController.h */,
				3B4B866320725DD20053BF18 /* SongChartsViewController.m */,
				3B7862A12060F8F700E9A26A /* Cell */,
			);
			name = Charts;
			sourceTree = "<group>";
		};
		3B7862A12060F8F700E9A26A /* Cell */ = {
			isa = PBXGroup;
			children = (
				3B4B866C207385130053BF18 /* NewCardView.h */,
				3B4B866B207385130053BF18 /* NewCardView.m */,
				3BDBBB2D2073D84600680CCB /* ChartsAlbumCell.h */,
				3BDBBB2E2073D84600680CCB /* ChartsAlbumCell.m */,
				3BDBBBA82077645700680CCB /* ChartsMusicVideoCell.h */,
				3BDBBBA92077645700680CCB /* ChartsMusicVideoCell.m */,
				3BDBBBAB2078BE4D00680CCB /* ChartsSongCell.h */,
				3BDBBBAC2078BE4D00680CCB /* ChartsSongCell.m */,
				3BDBBB30207414A700680CCB /* ChartFooterView.h */,
				3BDBBB31207414A700680CCB /* ChartFooterView.m */,
			);
			name = Cell;
			sourceTree = "<group>";
		};
		3B9AA85E1FB04B5700720085 = {
			isa = PBXGroup;
			children = (
				3B9AA8691FB04B5700720085 /* MMusic */,
				3B9AA8681FB04B5700720085 /* Products */,
				05987CBC3CC841CE0B46AA11 /* Pods */,
				09AF07E761AA2C3EE68788F2 /* Frameworks */,
			);
			sourceTree = "<group>";
		};
		3B9AA8681FB04B5700720085 /* Products */ = {
			isa = PBXGroup;
			children = (
				3B9AA8671FB04B5700720085 /* MMusic.app */,
			);
			name = Products;
			sourceTree = "<group>";
		};
		3B9AA8691FB04B5700720085 /* MMusic */ = {
			isa = PBXGroup;
			children = (
				3BE5B157207A412D00A4A9DC /* Serach */,
				3B3D998620553CEB000F2E9E /* PlayerViewController */,
				3B23AC721FF2363300F0A9CA /* Today */,
				3B78629D2060F3CA00E9A26A /* Charts */,
				3B9AA8C61FB450B600720085 /* MyMusic */,
				3B9AA8CC1FB452AA00720085 /* Model */,
				3B9AA8CB1FB4512B00720085 /* Support */,
				3B9AA8BE1FB4503200720085 /* Tool */,
			);
			path = MMusic;
			sourceTree = "<group>";
		};
		3B9AA8BE1FB4503200720085 /* Tool */ = {
			isa = PBXGroup;
			children = (
				3B3D99E8205E990D000F2E9E /* NSString+Hash.h */,
				3B3D99E9205E990F000F2E9E /* NSString+Hash.m */,
				3B9AA90E1FB4817F00720085 /* RequestFactory.h */,
				3B9AA90F1FB4817F00720085 /* RequestFactory.m */,
				3B4806741FC96585009035CD /* PersonalizedRequestFactory.h */,
				3B4806751FC96585009035CD /* PersonalizedRequestFactory.m */,
				3B9AA9141FB588AF00720085 /* AuthorizationManager.h */,
				3B9AA9151FB588AF00720085 /* AuthorizationManager.m */,
				3B5371FC1FDBF50B009AFE47 /* NSObject+Tool.h */,
				3B5371FD1FDBF50B009AFE47 /* NSObject+Tool.m */,
				3BDFCBD1208634CD00D85021 /* UIButton+BlockButton.h */,
				3BDFCBD2208634CD00D85021 /* UIButton+BlockButton.m */,
			);
			name = Tool;
			sourceTree = "<group>";
		};
		3B9AA8C61FB450B600720085 /* MyMusic */ = {
			isa = PBXGroup;
			children = (
				3B9AA8C81FB450EB00720085 /* Controller */,
				3B9AA8C71FB450DA00720085 /* view */,
			);
			name = MyMusic;
			sourceTree = "<group>";
		};
		3B9AA8C71FB450DA00720085 /* view */ = {
			isa = PBXGroup;
			children = (
				3B9AA8831FB053C200720085 /* LocalMusicViewCell.h */,
				3B9AA8841FB053C200720085 /* LocalMusicViewCell.m */,
			);
			name = view;
			sourceTree = "<group>";
		};
		3B9AA8C81FB450EB00720085 /* Controller */ = {
			isa = PBXGroup;
			children = (
				3B9AA8871FB2E06C00720085 /* MyMusicViewController.h */,
				3B9AA8881FB2E06C00720085 /* MyMusicViewController.m */,
				3B9AA8801FB04BC400720085 /* LocalMusicViewController.h */,
				3B9AA8811FB04BC400720085 /* LocalMusicViewController.m */,
			);
			name = Controller;
			sourceTree = "<group>";
		};
		3B9AA8CB1FB4512B00720085 /* Support */ = {
			isa = PBXGroup;
			children = (
				3B3D99FF205EE625000F2E9E /* ImageSource */,
				3B9AA86A1FB04B5700720085 /* AppDelegate.h */,
				3B9AA86B1FB04B5700720085 /* AppDelegate.m */,
				3B9AA8791FB04B5700720085 /* main.m */,
				3BC473291FF23B380084016F /* Info.plist */,
				3B9AA8701FB04B5700720085 /* Main.storyboard */,
				3B9AA8731FB04B5700720085 /* Assets.xcassets */,
				3B9AA8751FB04B5700720085 /* LaunchScreen.storyboard */,
				3B9AA8861FB0545C00720085 /* MMusic.pch */,
			);
			name = Support;
			sourceTree = "<group>";
		};
		3B9AA8CC1FB452AA00720085 /* Model */ = {
			isa = PBXGroup;
			children = (
				3B9AA8DD1FB4619500720085 /* Resource Object */,
				3B9AA8DC1FB4618300720085 /* CoreObject */,
			);
			name = Model;
			sourceTree = "<group>";
		};
		3B9AA8DC1FB4618300720085 /* CoreObject */ = {
			isa = PBXGroup;
			children = (
				3B9AA8D91FB4535400720085 /* Error.h */,
				3B9AA8DA1FB4535400720085 /* Error.m */,
				3B9AA8D01FB452FE00720085 /* Relationship.h */,
				3B9AA8D21FB452FE00720085 /* Relationship.m */,
				3B9AA8D11FB452FE00720085 /* Resource.h */,
				3B9AA8D31FB452FE00720085 /* Resource.m */,
				3B9AA8D51FB452FE00720085 /* ResponseRoot.h */,
				3B9AA8D41FB452FE00720085 /* ResponseRoot.m */,
			);
			name = CoreObject;
			sourceTree = "<group>";
		};
		3B9AA8DD1FB4619500720085 /* Resource Object */ = {
			isa = PBXGroup;
			children = (
				3B9AA8DE1FB461CD00720085 /* Activity.h */,
				3B9AA8DF1FB461CD00720085 /* Activity.m */,
				3B9AA8E11FB463E800720085 /* Album.h */,
				3B9AA8E21FB463E800720085 /* Album.m */,
				3B9AA8E41FB46C7700720085 /* AppleCurator.h */,
				3B9AA8E51FB46C7700720085 /* AppleCurator.m */,
				3B9AA8E71FB46D6100720085 /* Artist.h */,
				3B9AA8E81FB46D6100720085 /* Artist.m */,
				3B9AA8EA1FB46E7B00720085 /* Artwork.h */,
				3B9AA8EB1FB46E7B00720085 /* Artwork.m */,
				3B9AA8ED1FB46F9300720085 /* Chart.h */,
				3B9AA8EE1FB46F9300720085 /* Chart.m */,
				3B9AA8F01FB4708E00720085 /* Curator.h */,
				3B9AA8F11FB4708E00720085 /* Curator.m */,
				3B5371E31FD148B6009AFE47 /* Genre.h */,
				3B5371E41FD148B6009AFE47 /* Genre.m */,
				3B9AA8F31FB4719A00720085 /* MusicVideo.h */,
				3B9AA8F41FB4719A00720085 /* MusicVideo.m */,
				3B9AA8F61FB4759F00720085 /* EditorialNotes.h */,
				3B9AA8F71FB4759F00720085 /* EditorialNotes.m */,
				3B9AA8F91FB4769500720085 /* Playlist.h */,
				3B9AA8FA1FB4769500720085 /* Playlist.m */,
				3B9AA8FC1FB478C700720085 /* PlayParameters.h */,
				3B9AA8FD1FB478C700720085 /* PlayParameters.m */,
				3B9AA8FF1FB479B700720085 /* Preview.h */,
				3B9AA9001FB479B700720085 /* Preview.m */,
				3B9AA9021FB47A6C00720085 /* Recommendation.h */,
				3B9AA9031FB47A6C00720085 /* Recommendation.m */,
				3B9AA9051FB47C1200720085 /* Song.h */,
				3B9AA9061FB47C1200720085 /* Song.m */,
				3B9AA9081FB47D6B00720085 /* Station.h */,
				3B9AA9091FB47D6B00720085 /* Station.m */,
				3B9AA90B1FB47E0700720085 /* Storefront.h */,
				3B9AA90C1FB47E0700720085 /* Storefront.m */,
				3B5371E61FD2BC60009AFE47 /* MMObject.h */,
				3B5371E71FD2BC60009AFE47 /* MMObject.m */,
				3BB731DC207B9BD800DC629B /* NSObject+MMObject.h */,
				3BB731DD207B9BD800DC629B /* NSObject+MMObject.m */,
			);
			name = "Resource Object";
			sourceTree = "<group>";
		};
		3BE5B157207A412D00A4A9DC /* Serach */ = {
			isa = PBXGroup;
			children = (
				3BAAB7C7207A45B6007A74EA /* SearchViewController.h */,
				3BAAB7C8207A45B6007A74EA /* SearchViewController.m */,
				3BB731DF207BAF7D00DC629B /* ResultsViewController.h */,
				3BB731E0207BAF7E00DC629B /* ResultsViewController.m */,
				3BDFCB57207CE3DE00D85021 /* ResultsSectionHeader.h */,
				3BDFCB58207CE3DE00D85021 /* ResultsSectionHeader.m */,
				3BDFCB54207CC09700D85021 /* SearchSectionWaitingHeader.h */,
				3BDFCB55207CC09700D85021 /* SearchSectionWaitingHeader.m */,
				3BDFCB5D207CF68C00D85021 /* SearchSectionWaitingFooter.h */,
				3BDFCB5E207CF68C00D85021 /* SearchSectionWaitingFooter.m */,
				3BB731D9207B743D00DC629B /* WaitingCell.h */,
				3BB731DA207B743D00DC629B /* WaitingCell.m */,
			);
			name = Serach;
			sourceTree = "<group>";
		};
/* End PBXGroup section */

/* Begin PBXNativeTarget section */
		3B9AA8661FB04B5700720085 /* MMusic */ = {
			isa = PBXNativeTarget;
			buildConfigurationList = 3B9AA87D1FB04B5700720085 /* Build configuration list for PBXNativeTarget "MMusic" */;
			buildPhases = (
				5A3882C747E7C3414B693CDF /* [CP] Check Pods Manifest.lock */,
				3B9AA8631FB04B5700720085 /* Sources */,
				3B9AA8641FB04B5700720085 /* Frameworks */,
				3B9AA8651FB04B5700720085 /* Resources */,
				81ACB0A0326505DAD2FDA2F4 /* [CP] Embed Pods Frameworks */,
				C34B840A7D62EBEBD2896DD5 /* [CP] Copy Pods Resources */,
			);
			buildRules = (
			);
			dependencies = (
			);
			name = MMusic;
			productName = MMusic;
			productReference = 3B9AA8671FB04B5700720085 /* MMusic.app */;
			productType = "com.apple.product-type.application";
		};
/* End PBXNativeTarget section */

/* Begin PBXProject section */
		3B9AA85F1FB04B5700720085 /* Project object */ = {
			isa = PBXProject;
			attributes = {
				LastUpgradeCheck = 0910;
				ORGANIZATIONNAME = "com.😈";
				TargetAttributes = {
					3B9AA8661FB04B5700720085 = {
						CreatedOnToolsVersion = 9.1;
						ProvisioningStyle = Automatic;
					};
				};
			};
			buildConfigurationList = 3B9AA8621FB04B5700720085 /* Build configuration list for PBXProject "MMusic" */;
			compatibilityVersion = "Xcode 8.0";
			developmentRegion = en;
			hasScannedForEncodings = 0;
			knownRegions = (
				en,
				Base,
			);
			mainGroup = 3B9AA85E1FB04B5700720085;
			productRefGroup = 3B9AA8681FB04B5700720085 /* Products */;
			projectDirPath = "";
			projectRoot = "";
			targets = (
				3B9AA8661FB04B5700720085 /* MMusic */,
			);
		};
/* End PBXProject section */

/* Begin PBXResourcesBuildPhase section */
		3B9AA8651FB04B5700720085 /* Resources */ = {
			isa = PBXResourcesBuildPhase;
			buildActionMask = 2147483647;
			files = (
				3B3D9A05205EE689000F2E9E /* list-128.png in Resources */,
				3BC4732A1FF23B380084016F /* Info.plist in Resources */,
				3B3D99F8205EE0A0000F2E9E /* love-gray.png in Resources */,
				3B3D99F1205EADB6000F2E9E /* skip-next.png in Resources */,
				3B9AA8771FB04B5700720085 /* LaunchScreen.storyboard in Resources */,
				3B3D99FE205EE242000F2E9E /* stop.png in Resources */,
				3B3D99FA205EE0A0000F2E9E /* love-red.png in Resources */,
				3B3D9A04205EE689000F2E9E /* list-32.png in Resources */,
				3B7862B52063D23B00E9A26A /* more-blue.png in Resources */,
				3B7862EA20691E2300E9A26A /* player.png in Resources */,
				3B9AA8741FB04B5700720085 /* Assets.xcassets in Resources */,
				3B3D9A03205EE689000F2E9E /* list-64.png in Resources */,
				3B3D99F2205EADB6000F2E9E /* skip-previous.png in Resources */,
				3B7862B42063D23B00E9A26A /* more-gray.png in Resources */,
				3B9AA8721FB04B5700720085 /* Main.storyboard in Resources */,
				3B3D99F0205EADB6000F2E9E /* play.png in Resources */,
			);
			runOnlyForDeploymentPostprocessing = 0;
		};
/* End PBXResourcesBuildPhase section */

/* Begin PBXShellScriptBuildPhase section */
		5A3882C747E7C3414B693CDF /* [CP] Check Pods Manifest.lock */ = {
			isa = PBXShellScriptBuildPhase;
			buildActionMask = 2147483647;
			files = (
			);
			inputPaths = (
			);
			name = "[CP] Check Pods Manifest.lock";
			outputPaths = (
			);
			runOnlyForDeploymentPostprocessing = 0;
			shellPath = /bin/sh;
			shellScript = "diff \"${PODS_PODFILE_DIR_PATH}/Podfile.lock\" \"${PODS_ROOT}/Manifest.lock\" > /dev/null\nif [ $? != 0 ] ; then\n    # print error to STDERR\n    echo \"error: The sandbox is not in sync with the Podfile.lock. Run 'pod install' or update your CocoaPods installation.\" >&2\n    exit 1\nfi\n";
			showEnvVarsInLog = 0;
		};
		81ACB0A0326505DAD2FDA2F4 /* [CP] Embed Pods Frameworks */ = {
			isa = PBXShellScriptBuildPhase;
			buildActionMask = 2147483647;
			files = (
			);
			inputPaths = (
			);
			name = "[CP] Embed Pods Frameworks";
			outputPaths = (
			);
			runOnlyForDeploymentPostprocessing = 0;
			shellPath = /bin/sh;
			shellScript = "\"${SRCROOT}/Pods/Target Support Files/Pods-MMusic/Pods-MMusic-frameworks.sh\"\n";
			showEnvVarsInLog = 0;
		};
		C34B840A7D62EBEBD2896DD5 /* [CP] Copy Pods Resources */ = {
			isa = PBXShellScriptBuildPhase;
			buildActionMask = 2147483647;
			files = (
			);
			inputPaths = (
			);
			name = "[CP] Copy Pods Resources";
			outputPaths = (
			);
			runOnlyForDeploymentPostprocessing = 0;
			shellPath = /bin/sh;
			shellScript = "\"${SRCROOT}/Pods/Target Support Files/Pods-MMusic/Pods-MMusic-resources.sh\"\n";
		};
/* End PBXShellScriptBuildPhase section */

/* Begin PBXSourcesBuildPhase section */
		3B9AA8631FB04B5700720085 /* Sources */ = {
			isa = PBXSourcesBuildPhase;
			buildActionMask = 2147483647;
			files = (
				3B9AA9071FB47C1200720085 /* Song.m in Sources */,
				3BC4DF5B206E761100CDE7C1 /* ChartsViewController.m in Sources */,
				3B9AA8DB1FB4535400720085 /* Error.m in Sources */,
				3BDFCB682082219900D85021 /* PlayProgressView.m in Sources */,
				3B9AA8D81FB452FF00720085 /* ResponseRoot.m in Sources */,
				3B9AA8D71FB452FF00720085 /* Resource.m in Sources */,
				3B4B866D207385140053BF18 /* NewCardView.m in Sources */,
				3B5371FE1FDBF50B009AFE47 /* NSObject+Tool.m in Sources */,
				3B9AA8E01FB461CD00720085 /* Activity.m in Sources */,
				3B9AA8D61FB452FF00720085 /* Relationship.m in Sources */,
				3B9AA8E31FB463E800720085 /* Album.m in Sources */,
				3B9AA9011FB479B700720085 /* Preview.m in Sources */,
				3BB731DE207B9BD800DC629B /* NSObject+MMObject.m in Sources */,
				3BDFCB6220820A4700D85021 /* PlayControllerView.m in Sources */,
				3B9AA90A1FB47D6B00720085 /* Station.m in Sources */,
				3B5371E81FD2BC60009AFE47 /* MMObject.m in Sources */,
				3B9AA9041FB47A6C00720085 /* Recommendation.m in Sources */,
				3B9AA8EF1FB46F9300720085 /* Chart.m in Sources */,
				3B9AA8FB1FB4769500720085 /* Playlist.m in Sources */,
				3BDFCB5F207CF68C00D85021 /* SearchSectionWaitingFooter.m in Sources */,
				3BDBBB2F2073D84600680CCB /* ChartsAlbumCell.m in Sources */,
				3B87992E204FF7E000EE9D2A /* HeadCell.m in Sources */,
				3B9AA8F81FB4759F00720085 /* EditorialNotes.m in Sources */,
				3B469ADE1FF2464D0035E138 /* TodayCell.m in Sources */,
				3BDFCBD3208634CD00D85021 /* UIButton+BlockButton.m in Sources */,
				3B23AC751FF236A800F0A9CA /* TodayCollectionViewController.m in Sources */,
				3BAAB7C9207A45B6007A74EA /* SearchViewController.m in Sources */,
				3B9AA90D1FB47E0700720085 /* Storefront.m in Sources */,
				3B5371E51FD148B6009AFE47 /* Genre.m in Sources */,
				3BDBBB32207414A700680CCB /* ChartFooterView.m in Sources */,
				3B8799592052BBC300EE9D2A /* DetailViewController.m in Sources */,
				3B4B866420725DD20053BF18 /* SongChartsViewController.m in Sources */,
				3B9AA87A1FB04B5700720085 /* main.m in Sources */,
				3B9AA86C1FB04B5700720085 /* AppDelegate.m in Sources */,
				3B9AA9101FB4817F00720085 /* RequestFactory.m in Sources */,
				3B3D9989205540A0000F2E9E /* PlayerView.m in Sources */,
				3BDFCB59207CE3DE00D85021 /* ResultsSectionHeader.m in Sources */,
				3BB731E1207BAF7E00DC629B /* ResultsViewController.m in Sources */,
				3B9AA8F51FB4719A00720085 /* MusicVideo.m in Sources */,
				3B9AA8EC1FB46E7B00720085 /* Artwork.m in Sources */,
				3B9AA8E91FB46D6100720085 /* Artist.m in Sources */,
				3BB731DB207B743D00DC629B /* WaitingCell.m in Sources */,
				3B9AA8FE1FB478C700720085 /* PlayParameters.m in Sources */,
				3BDBBBAA2077645700680CCB /* ChartsMusicVideoCell.m in Sources */,
				3B3D998420553CD4000F2E9E /* PlayerViewController.m in Sources */,
				3B9AA8891FB2E06C00720085 /* MyMusicViewController.m in Sources */,
				3B4806761FC96585009035CD /* PersonalizedRequestFactory.m in Sources */,
				3B9AA8851FB053C200720085 /* LocalMusicViewCell.m in Sources */,
				3B4B866120725DB70053BF18 /* MusicVideoChartsViewController.m in Sources */,
				3B9AA8821FB04BC400720085 /* LocalMusicViewController.m in Sources */,
				3B3D99EA205E9910000F2E9E /* NSString+Hash.m in Sources */,
				3B9AA9161FB588AF00720085 /* AuthorizationManager.m in Sources */,
				3B8799612053DC4600EE9D2A /* HeaderView.m in Sources */,
				3BDFCB56207CC09700D85021 /* SearchSectionWaitingHeader.m in Sources */,
				3BDBBBAD2078BE4D00680CCB /* ChartsSongCell.m in Sources */,
				3B4B865E20725D980053BF18 /* AlbumChartsViewController.m in Sources */,
				3B3D9981205512FA000F2E9E /* SongCell.m in Sources */,
				3B9AA8E61FB46C7700720085 /* AppleCurator.m in Sources */,
				3B9AA8F21FB4708E00720085 /* Curator.m in Sources */,
			);
			runOnlyForDeploymentPostprocessing = 0;
		};
/* End PBXSourcesBuildPhase section */

/* Begin PBXVariantGroup section */
		3B9AA8701FB04B5700720085 /* Main.storyboard */ = {
			isa = PBXVariantGroup;
			children = (
				3B9AA8711FB04B5700720085 /* Base */,
			);
			name = Main.storyboard;
			sourceTree = "<group>";
		};
		3B9AA8751FB04B5700720085 /* LaunchScreen.storyboard */ = {
			isa = PBXVariantGroup;
			children = (
				3B9AA8761FB04B5700720085 /* Base */,
			);
			name = LaunchScreen.storyboard;
			sourceTree = "<group>";
		};
/* End PBXVariantGroup section */

/* Begin XCBuildConfiguration section */
		3B9AA87B1FB04B5700720085 /* Debug */ = {
			isa = XCBuildConfiguration;
			buildSettings = {
				ALWAYS_SEARCH_USER_PATHS = NO;
				CLANG_ANALYZER_NONNULL = YES;
				CLANG_ANALYZER_NUMBER_OBJECT_CONVERSION = YES_AGGRESSIVE;
				CLANG_CXX_LANGUAGE_STANDARD = "gnu++14";
				CLANG_CXX_LIBRARY = "libc++";
				CLANG_ENABLE_MODULES = YES;
				CLANG_ENABLE_OBJC_ARC = YES;
				CLANG_WARN_BLOCK_CAPTURE_AUTORELEASING = YES;
				CLANG_WARN_BOOL_CONVERSION = YES;
				CLANG_WARN_COMMA = YES;
				CLANG_WARN_CONSTANT_CONVERSION = YES;
				CLANG_WARN_DIRECT_OBJC_ISA_USAGE = YES_ERROR;
				CLANG_WARN_DOCUMENTATION_COMMENTS = YES;
				CLANG_WARN_EMPTY_BODY = YES;
				CLANG_WARN_ENUM_CONVERSION = YES;
				CLANG_WARN_INFINITE_RECURSION = YES;
				CLANG_WARN_INT_CONVERSION = YES;
				CLANG_WARN_NON_LITERAL_NULL_CONVERSION = YES;
				CLANG_WARN_OBJC_LITERAL_CONVERSION = YES;
				CLANG_WARN_OBJC_ROOT_CLASS = YES_ERROR;
				CLANG_WARN_RANGE_LOOP_ANALYSIS = YES;
				CLANG_WARN_STRICT_PROTOTYPES = YES;
				CLANG_WARN_SUSPICIOUS_MOVE = YES;
				CLANG_WARN_UNGUARDED_AVAILABILITY = YES_AGGRESSIVE;
				CLANG_WARN_UNREACHABLE_CODE = YES;
				CLANG_WARN__DUPLICATE_METHOD_MATCH = YES;
				CODE_SIGN_IDENTITY = "iPhone Developer";
				COPY_PHASE_STRIP = NO;
				DEBUG_INFORMATION_FORMAT = dwarf;
				ENABLE_STRICT_OBJC_MSGSEND = YES;
				ENABLE_TESTABILITY = YES;
				GCC_C_LANGUAGE_STANDARD = gnu11;
				GCC_DYNAMIC_NO_PIC = NO;
				GCC_NO_COMMON_BLOCKS = YES;
				GCC_OPTIMIZATION_LEVEL = 0;
				GCC_PREPROCESSOR_DEFINITIONS = (
					"DEBUG=1",
					"$(inherited)",
				);
				GCC_WARN_64_TO_32_BIT_CONVERSION = YES;
				GCC_WARN_ABOUT_RETURN_TYPE = YES_ERROR;
				GCC_WARN_UNDECLARED_SELECTOR = YES;
				GCC_WARN_UNINITIALIZED_AUTOS = YES_AGGRESSIVE;
				GCC_WARN_UNUSED_FUNCTION = YES;
				GCC_WARN_UNUSED_VARIABLE = YES;
				IPHONEOS_DEPLOYMENT_TARGET = 11.1;
				MTL_ENABLE_DEBUG_INFO = YES;
				ONLY_ACTIVE_ARCH = YES;
				SDKROOT = iphoneos;
			};
			name = Debug;
		};
		3B9AA87C1FB04B5700720085 /* Release */ = {
			isa = XCBuildConfiguration;
			buildSettings = {
				ALWAYS_SEARCH_USER_PATHS = NO;
				CLANG_ANALYZER_NONNULL = YES;
				CLANG_ANALYZER_NUMBER_OBJECT_CONVERSION = YES_AGGRESSIVE;
				CLANG_CXX_LANGUAGE_STANDARD = "gnu++14";
				CLANG_CXX_LIBRARY = "libc++";
				CLANG_ENABLE_MODULES = YES;
				CLANG_ENABLE_OBJC_ARC = YES;
				CLANG_WARN_BLOCK_CAPTURE_AUTORELEASING = YES;
				CLANG_WARN_BOOL_CONVERSION = YES;
				CLANG_WARN_COMMA = YES;
				CLANG_WARN_CONSTANT_CONVERSION = YES;
				CLANG_WARN_DIRECT_OBJC_ISA_USAGE = YES_ERROR;
				CLANG_WARN_DOCUMENTATION_COMMENTS = YES;
				CLANG_WARN_EMPTY_BODY = YES;
				CLANG_WARN_ENUM_CONVERSION = YES;
				CLANG_WARN_INFINITE_RECURSION = YES;
				CLANG_WARN_INT_CONVERSION = YES;
				CLANG_WARN_NON_LITERAL_NULL_CONVERSION = YES;
				CLANG_WARN_OBJC_LITERAL_CONVERSION = YES;
				CLANG_WARN_OBJC_ROOT_CLASS = YES_ERROR;
				CLANG_WARN_RANGE_LOOP_ANALYSIS = YES;
				CLANG_WARN_STRICT_PROTOTYPES = YES;
				CLANG_WARN_SUSPICIOUS_MOVE = YES;
				CLANG_WARN_UNGUARDED_AVAILABILITY = YES_AGGRESSIVE;
				CLANG_WARN_UNREACHABLE_CODE = YES;
				CLANG_WARN__DUPLICATE_METHOD_MATCH = YES;
				CODE_SIGN_IDENTITY = "iPhone Developer";
				COPY_PHASE_STRIP = NO;
				DEBUG_INFORMATION_FORMAT = "dwarf-with-dsym";
				ENABLE_NS_ASSERTIONS = NO;
				ENABLE_STRICT_OBJC_MSGSEND = YES;
				GCC_C_LANGUAGE_STANDARD = gnu11;
				GCC_NO_COMMON_BLOCKS = YES;
				GCC_WARN_64_TO_32_BIT_CONVERSION = YES;
				GCC_WARN_ABOUT_RETURN_TYPE = YES_ERROR;
				GCC_WARN_UNDECLARED_SELECTOR = YES;
				GCC_WARN_UNINITIALIZED_AUTOS = YES_AGGRESSIVE;
				GCC_WARN_UNUSED_FUNCTION = YES;
				GCC_WARN_UNUSED_VARIABLE = YES;
				IPHONEOS_DEPLOYMENT_TARGET = 11.1;
				MTL_ENABLE_DEBUG_INFO = NO;
				SDKROOT = iphoneos;
				VALIDATE_PRODUCT = YES;
			};
			name = Release;
		};
		3B9AA87E1FB04B5700720085 /* Debug */ = {
			isa = XCBuildConfiguration;
			baseConfigurationReference = 914C9E31CA7BED805770445B /* Pods-MMusic.debug.xcconfig */;
			buildSettings = {
				ASSETCATALOG_COMPILER_APPICON_NAME = AppIcon;
				CODE_SIGN_STYLE = Automatic;
				DEVELOPMENT_TEAM = V9W837Y6AV;
				GCC_PRECOMPILE_PREFIX_HEADER = YES;
				GCC_PREFIX_HEADER = MMusic/MMusic.pch;
				INFOPLIST_FILE = MMusic/Info.plist;
				IPHONEOS_DEPLOYMENT_TARGET = 11.0;
				LD_RUNPATH_SEARCH_PATHS = "$(inherited) @executable_path/Frameworks";
				PRODUCT_BUNDLE_IDENTIFIER = music.com.HelloMusic;
				PRODUCT_NAME = "$(TARGET_NAME)";
				TARGETED_DEVICE_FAMILY = "1,2";
			};
			name = Debug;
		};
		3B9AA87F1FB04B5700720085 /* Release */ = {
			isa = XCBuildConfiguration;
			baseConfigurationReference = 3A8F449D3A1F4F346C21DEC4 /* Pods-MMusic.release.xcconfig */;
			buildSettings = {
				ASSETCATALOG_COMPILER_APPICON_NAME = AppIcon;
				CODE_SIGN_STYLE = Automatic;
				DEVELOPMENT_TEAM = V9W837Y6AV;
				GCC_PRECOMPILE_PREFIX_HEADER = YES;
				GCC_PREFIX_HEADER = MMusic/MMusic.pch;
				INFOPLIST_FILE = MMusic/Info.plist;
				IPHONEOS_DEPLOYMENT_TARGET = 11.0;
				LD_RUNPATH_SEARCH_PATHS = "$(inherited) @executable_path/Frameworks";
				PRODUCT_BUNDLE_IDENTIFIER = music.com.HelloMusic;
				PRODUCT_NAME = "$(TARGET_NAME)";
				TARGETED_DEVICE_FAMILY = "1,2";
			};
			name = Release;
		};
/* End XCBuildConfiguration section */

/* Begin XCConfigurationList section */
		3B9AA8621FB04B5700720085 /* Build configuration list for PBXProject "MMusic" */ = {
			isa = XCConfigurationList;
			buildConfigurations = (
				3B9AA87B1FB04B5700720085 /* Debug */,
				3B9AA87C1FB04B5700720085 /* Release */,
			);
			defaultConfigurationIsVisible = 0;
			defaultConfigurationName = Release;
		};
		3B9AA87D1FB04B5700720085 /* Build configuration list for PBXNativeTarget "MMusic" */ = {
			isa = XCConfigurationList;
			buildConfigurations = (
				3B9AA87E1FB04B5700720085 /* Debug */,
				3B9AA87F1FB04B5700720085 /* Release */,
			);
			defaultConfigurationIsVisible = 0;
			defaultConfigurationName = Release;
		};
/* End XCConfigurationList section */
	};
	rootObject = 3B9AA85F1FB04B5700720085 /* Project object */;
}
